{
  "name": "Suances",
  "lockfileVersion": 3,
  "requires": true,
  "packages": {
    "": {
      "dependencies": {
        "react-native-sse": "^1.2.1"
      }
    },
    "node_modules/react-native-sse": {
      "version": "1.2.1",
      "resolved": "https://registry.npmjs.org/react-native-sse/-/react-native-sse-1.2.1.tgz",
      "integrity": "sha512-zejanlScF+IB9tYnbdry0MT34qjBXbiV/E72qGz33W/tX1bx8MXsbB4lxiuPETc9v/008vYZ60yjIstW22VlVg==",
      "license": "MIT"
    }
  }
}
